
Microsoft Visual Studio Solution File, Format Version 12.00
# Visual Studio 14
VisualStudioVersion = 14.0.25420.1
MinimumVisualStudioVersion = 10.0.40219.1
Project("{8BB2217D-0F2D-49D1-97BC-3654ED321F3B}") = "aspnetcoreapp", "aspnetcoreapp\aspnetcoreapp.xproj", "{F2FCFB07-5ED3-4CE1-90A9-78B28C8DB5FA}"
EndProject
Project("{2150E333-8FDC-42A3-9474-1A3956D46DE8}") = "Solution Items", "Solution Items", "{DB02DECF-5572-4729-BA06-683206E04AF6}"
	ProjectSection(SolutionItems) = preProject
		README.md = README.md
	EndProjectSection
EndProject
Global
	GlobalSection(SolutionConfigurationPlatforms) = preSolution
		Debug|Any CPU = Debug|Any CPU
		Release|Any CPU = Release|Any CPU
	EndGlobalSection
	GlobalSection(ProjectConfigurationPlatforms) = postSolution
		{F2FCFB07-5ED3-4CE1-90A9-78B28C8DB5FA}.Debug|Any CPU.ActiveCfg = Debug|Any CPU
		{F2FCFB07-5ED3-4CE1-90A9-78B28C8DB5FA}.Debug|Any CPU.Build.0 = Debug|Any CPU
		{F2FCFB07-5ED3-4CE1-90A9-78B28C8DB5FA}.Release|Any CPU.ActiveCfg = Release|Any CPU
		{F2FCFB07-5ED3-4CE1-90A9-78B28C8DB5FA}.Release|Any CPU.Build.0 = Release|Any CPU
	EndGlobalSection
	GlobalSection(SolutionProperties) = preSolution
		HideSolutionNode = FALSE
	EndGlobalSection
EndGlobal
